
Microsoft Visual Studio Solution File, Format Version 12.00
# Visual Studio 15
VisualStudioVersion = 15.0.27004.2006
MinimumVisualStudioVersion = 10.0.40219.1
Project("{FAE04EC0-301F-11D3-BF4B-00C04F79EFBC}") = "question 5", "question 5\question 5.csproj", "{40CBD0E4-1C7E-4215-A549-F1C63FD3721A}"
EndProject
Global
	GlobalSection(SolutionConfigurationPlatforms) = preSolution
		Debug|Any CPU = Debug|Any CPU
		Release|Any CPU = Release|Any CPU
	EndGlobalSection
	GlobalSection(ProjectConfigurationPlatforms) = postSolution
		{40CBD0E4-1C7E-4215-A549-F1C63FD3721A}.Debug|Any CPU.ActiveCfg = Debug|Any CPU
		{40CBD0E4-1C7E-4215-A549-F1C63FD3721A}.Debug|Any CPU.Build.0 = Debug|Any CPU
		{40CBD0E4-1C7E-4215-A549-F1C63FD3721A}.Release|Any CPU.ActiveCfg = Release|Any CPU
		{40CBD0E4-1C7E-4215-A549-F1C63FD3721A}.Release|Any CPU.Build.0 = Release|Any CPU
	EndGlobalSection
	GlobalSection(SolutionProperties) = preSolution
		HideSolutionNode = FALSE
	EndGlobalSection
	GlobalSection(ExtensibilityGlobals) = postSolution
		SolutionGuid = {181A168F-9252-48E5-B261-C451DF6EF443}
	EndGlobalSection
EndGlobal
